// !$*UTF8*$!
{
	archiveVersion = 1;
	classes = {
	};
	objectVersion = 46;
	objects = {

/* Begin PBXBuildFile section */
		19194796B5CD5B7C8159A161 /* Pods_TGCoreExampleTests.framework in Frameworks */ = {isa = PBXBuildFile; fileRef = 3131BE1411D4A8859C8B60AD /* Pods_TGCoreExampleTests.framework */; };
		D169999C2360D77C00C22A50 /* Assets.xcassets in Resources */ = {isa = PBXBuildFile; fileRef = D169999B2360D77C00C22A50 /* Assets.xcassets */; };
		D169999F2360D77C00C22A50 /* Preview Assets.xcassets in Resources */ = {isa = PBXBuildFile; fileRef = D169999E2360D77C00C22A50 /* Preview Assets.xcassets */; };
		D16999A22360D77C00C22A50 /* LaunchScreen.storyboard in Resources */ = {isa = PBXBuildFile; fileRef = D16999A02360D77C00C22A50 /* LaunchScreen.storyboard */; };
		D16999AD2360D77C00C22A50 /* TGCoreExampleTests.swift in Sources */ = {isa = PBXBuildFile; fileRef = D16999AC2360D77C00C22A50 /* TGCoreExampleTests.swift */; };
		D1759BF12360D850001DD86D /* AppDelegate.swift in Sources */ = {isa = PBXBuildFile; fileRef = D1759BEF2360D850001DD86D /* AppDelegate.swift */; };
		D1759BF22360D850001DD86D /* SceneDelegate.swift in Sources */ = {isa = PBXBuildFile; fileRef = D1759BF02360D850001DD86D /* SceneDelegate.swift */; };
		DE582B7C3E96606330951653 /* Pods_TGCoreExample.framework in Frameworks */ = {isa = PBXBuildFile; fileRef = 2AD01E5AEFD589E534E1F912 /* Pods_TGCoreExample.framework */; };
/* End PBXBuildFile section */

/* Begin PBXContainerItemProxy section */
		D16999A92360D77C00C22A50 /* PBXContainerItemProxy */ = {
			isa = PBXContainerItemProxy;
			containerPortal = 607FACC81AFB9204008FA782 /* Project object */;
			proxyType = 1;
			remoteGlobalIDString = D16999922360D77B00C22A50;
			remoteInfo = TGCoreExample;
		};
/* End PBXContainerItemProxy section */

/* Begin PBXFileReference section */
		030BFBAE1A8618CDA3192FF2 /* Pods_TGCoreiOS_Example.framework */ = {isa = PBXFileReference; explicitFileType = wrapper.framework; includeInIndex = 0; path = Pods_TGCoreiOS_Example.framework; sourceTree = BUILT_PRODUCTS_DIR; };
		0EB3F3C64E11D723776345CD /* LICENSE */ = {isa = PBXFileReference; includeInIndex = 1; lastKnownFileType = text; name = LICENSE; path = ../LICENSE; sourceTree = "<group>"; };
		2AD01E5AEFD589E534E1F912 /* Pods_TGCoreExample.framework */ = {isa = PBXFileReference; explicitFileType = wrapper.framework; includeInIndex = 0; path = Pods_TGCoreExample.framework; sourceTree = BUILT_PRODUCTS_DIR; };
		3131BE1411D4A8859C8B60AD /* Pods_TGCoreExampleTests.framework */ = {isa = PBXFileReference; explicitFileType = wrapper.framework; includeInIndex = 0; path = Pods_TGCoreExampleTests.framework; sourceTree = BUILT_PRODUCTS_DIR; };
		38E24D7A77679B421E42FBEE /* Pods-TGCoreiOS_Example.release.xcconfig */ = {isa = PBXFileReference; includeInIndex = 1; lastKnownFileType = text.xcconfig; name = "Pods-TGCoreiOS_Example.release.xcconfig"; path = "Target Support Files/Pods-TGCoreiOS_Example/Pods-TGCoreiOS_Example.release.xcconfig"; sourceTree = "<group>"; };
		4E6B9BAB567D2A5A3B9B9270 /* Pods-TGCoreExample.release.xcconfig */ = {isa = PBXFileReference; includeInIndex = 1; lastKnownFileType = text.xcconfig; name = "Pods-TGCoreExample.release.xcconfig"; path = "Target Support Files/Pods-TGCoreExample/Pods-TGCoreExample.release.xcconfig"; sourceTree = "<group>"; };
		849F4CE4BE3FE3592B8ACD7D /* Pods-TGCoreExample.debug.xcconfig */ = {isa = PBXFileReference; includeInIndex = 1; lastKnownFileType = text.xcconfig; name = "Pods-TGCoreExample.debug.xcconfig"; path = "Target Support Files/Pods-TGCoreExample/Pods-TGCoreExample.debug.xcconfig"; sourceTree = "<group>"; };
		84F848273FC5B2369EC12C23 /* Pods-TGCoreiOS_Example.debug.xcconfig */ = {isa = PBXFileReference; includeInIndex = 1; lastKnownFileType = text.xcconfig; name = "Pods-TGCoreiOS_Example.debug.xcconfig"; path = "Target Support Files/Pods-TGCoreiOS_Example/Pods-TGCoreiOS_Example.debug.xcconfig"; sourceTree = "<group>"; };
		9827CFFAD9861E81FBA0BC99 /* Pods-TGCoreiOS_Tests.debug.xcconfig */ = {isa = PBXFileReference; includeInIndex = 1; lastKnownFileType = text.xcconfig; name = "Pods-TGCoreiOS_Tests.debug.xcconfig"; path = "Target Support Files/Pods-TGCoreiOS_Tests/Pods-TGCoreiOS_Tests.debug.xcconfig"; sourceTree = "<group>"; };
		9EF34630A4FB3FD0F2D50F98 /* Pods_TGCoreiOS_Tests.framework */ = {isa = PBXFileReference; explicitFileType = wrapper.framework; includeInIndex = 0; path = Pods_TGCoreiOS_Tests.framework; sourceTree = BUILT_PRODUCTS_DIR; };
		BDC9385A8D7A4DA0DD8246C6 /* Pods-TGCoreiOS_Tests.release.xcconfig */ = {isa = PBXFileReference; includeInIndex = 1; lastKnownFileType = text.xcconfig; name = "Pods-TGCoreiOS_Tests.release.xcconfig"; path = "Target Support Files/Pods-TGCoreiOS_Tests/Pods-TGCoreiOS_Tests.release.xcconfig"; sourceTree = "<group>"; };
		CD21FEF21D2085BB84EEB899 /* Pods-TGCoreExampleTests.debug.xcconfig */ = {isa = PBXFileReference; includeInIndex = 1; lastKnownFileType = text.xcconfig; name = "Pods-TGCoreExampleTests.debug.xcconfig"; path = "Target Support Files/Pods-TGCoreExampleTests/Pods-TGCoreExampleTests.debug.xcconfig"; sourceTree = "<group>"; };
		D16999932360D77B00C22A50 /* TGCoreExample.app */ = {isa = PBXFileReference; explicitFileType = wrapper.application; includeInIndex = 0; path = TGCoreExample.app; sourceTree = BUILT_PRODUCTS_DIR; };
		D169999B2360D77C00C22A50 /* Assets.xcassets */ = {isa = PBXFileReference; lastKnownFileType = folder.assetcatalog; path = Assets.xcassets; sourceTree = "<group>"; };
		D169999E2360D77C00C22A50 /* Preview Assets.xcassets */ = {isa = PBXFileReference; lastKnownFileType = folder.assetcatalog; path = "Preview Assets.xcassets"; sourceTree = "<group>"; };
		D16999A12360D77C00C22A50 /* Base */ = {isa = PBXFileReference; lastKnownFileType = file.storyboard; name = Base; path = Base.lproj/LaunchScreen.storyboard; sourceTree = "<group>"; };
		D16999A32360D77C00C22A50 /* Info.plist */ = {isa = PBXFileReference; lastKnownFileType = text.plist.xml; path = Info.plist; sourceTree = "<group>"; };
		D16999A82360D77C00C22A50 /* TGCoreExampleTests.xctest */ = {isa = PBXFileReference; explicitFileType = wrapper.cfbundle; includeInIndex = 0; path = TGCoreExampleTests.xctest; sourceTree = BUILT_PRODUCTS_DIR; };
		D16999AC2360D77C00C22A50 /* TGCoreExampleTests.swift */ = {isa = PBXFileReference; lastKnownFileType = sourcecode.swift; path = TGCoreExampleTests.swift; sourceTree = "<group>"; };
		D16999AE2360D77C00C22A50 /* Info.plist */ = {isa = PBXFileReference; lastKnownFileType = text.plist.xml; path = Info.plist; sourceTree = "<group>"; };
		D1759BEF2360D850001DD86D /* AppDelegate.swift */ = {isa = PBXFileReference; fileEncoding = 4; lastKnownFileType = sourcecode.swift; path = AppDelegate.swift; sourceTree = "<group>"; };
		D1759BF02360D850001DD86D /* SceneDelegate.swift */ = {isa = PBXFileReference; fileEncoding = 4; lastKnownFileType = sourcecode.swift; path = SceneDelegate.swift; sourceTree = "<group>"; };
		D4CD10CDE067E65F4EC1A05B /* Pods-TGCoreExampleTests.release.xcconfig */ = {isa = PBXFileReference; includeInIndex = 1; lastKnownFileType = text.xcconfig; name = "Pods-TGCoreExampleTests.release.xcconfig"; path = "Target Support Files/Pods-TGCoreExampleTests/Pods-TGCoreExampleTests.release.xcconfig"; sourceTree = "<group>"; };
		DCB2D70BB4B538C0023822D6 /* TGCoreiOS.podspec */ = {isa = PBXFileReference; includeInIndex = 1; lastKnownFileType = text; name = TGCoreiOS.podspec; path = ../TGCoreiOS.podspec; sourceTree = "<group>"; xcLanguageSpecificationIdentifier = xcode.lang.ruby; };
		E585F86689F38E7A4B47E2EC /* README.md */ = {isa = PBXFileReference; includeInIndex = 1; lastKnownFileType = net.daringfireball.markdown; name = README.md; path = ../README.md; sourceTree = "<group>"; };
/* End PBXFileReference section */

/* Begin PBXFrameworksBuildPhase section */
		D16999902360D77B00C22A50 /* Frameworks */ = {
			isa = PBXFrameworksBuildPhase;
			buildActionMask = 2147483647;
			files = (
				DE582B7C3E96606330951653 /* Pods_TGCoreExample.framework in Frameworks */,
			);
			runOnlyForDeploymentPostprocessing = 0;
		};
		D16999A52360D77C00C22A50 /* Frameworks */ = {
			isa = PBXFrameworksBuildPhase;
			buildActionMask = 2147483647;
			files = (
				19194796B5CD5B7C8159A161 /* Pods_TGCoreExampleTests.framework in Frameworks */,
			);
			runOnlyForDeploymentPostprocessing = 0;
		};
/* End PBXFrameworksBuildPhase section */

/* Begin PBXGroup section */
		2187A6C5F087763D11BD2407 /* Frameworks */ = {
			isa = PBXGroup;
			children = (
				030BFBAE1A8618CDA3192FF2 /* Pods_TGCoreiOS_Example.framework */,
				9EF34630A4FB3FD0F2D50F98 /* Pods_TGCoreiOS_Tests.framework */,
				2AD01E5AEFD589E534E1F912 /* Pods_TGCoreExample.framework */,
				3131BE1411D4A8859C8B60AD /* Pods_TGCoreExampleTests.framework */,
			);
			name = Frameworks;
			sourceTree = "<group>";
		};
		607FACC71AFB9204008FA782 = {
			isa = PBXGroup;
			children = (
				607FACF51AFB993E008FA782 /* Podspec Metadata */,
				D16999942360D77B00C22A50 /* TGCoreExample */,
				D16999AB2360D77C00C22A50 /* TGCoreExampleTests */,
				607FACD11AFB9204008FA782 /* Products */,
				BE01224B3C68EEFF52B07C19 /* Pods */,
				2187A6C5F087763D11BD2407 /* Frameworks */,
			);
			sourceTree = "<group>";
		};
		607FACD11AFB9204008FA782 /* Products */ = {
			isa = PBXGroup;
			children = (
				D16999932360D77B00C22A50 /* TGCoreExample.app */,
				D16999A82360D77C00C22A50 /* TGCoreExampleTests.xctest */,
			);
			name = Products;
			sourceTree = "<group>";
		};
		607FACF51AFB993E008FA782 /* Podspec Metadata */ = {
			isa = PBXGroup;
			children = (
				DCB2D70BB4B538C0023822D6 /* TGCoreiOS.podspec */,
				E585F86689F38E7A4B47E2EC /* README.md */,
				0EB3F3C64E11D723776345CD /* LICENSE */,
			);
			name = "Podspec Metadata";
			sourceTree = "<group>";
		};
		BE01224B3C68EEFF52B07C19 /* Pods */ = {
			isa = PBXGroup;
			children = (
				84F848273FC5B2369EC12C23 /* Pods-TGCoreiOS_Example.debug.xcconfig */,
				38E24D7A77679B421E42FBEE /* Pods-TGCoreiOS_Example.release.xcconfig */,
				9827CFFAD9861E81FBA0BC99 /* Pods-TGCoreiOS_Tests.debug.xcconfig */,
				BDC9385A8D7A4DA0DD8246C6 /* Pods-TGCoreiOS_Tests.release.xcconfig */,
				849F4CE4BE3FE3592B8ACD7D /* Pods-TGCoreExample.debug.xcconfig */,
				4E6B9BAB567D2A5A3B9B9270 /* Pods-TGCoreExample.release.xcconfig */,
				CD21FEF21D2085BB84EEB899 /* Pods-TGCoreExampleTests.debug.xcconfig */,
				D4CD10CDE067E65F4EC1A05B /* Pods-TGCoreExampleTests.release.xcconfig */,
			);
			path = Pods;
			sourceTree = "<group>";
		};
		D16999942360D77B00C22A50 /* TGCoreExample */ = {
			isa = PBXGroup;
			children = (
				D1759BEF2360D850001DD86D /* AppDelegate.swift */,
				D1759BF02360D850001DD86D /* SceneDelegate.swift */,
				D169999B2360D77C00C22A50 /* Assets.xcassets */,
				D16999A02360D77C00C22A50 /* LaunchScreen.storyboard */,
				D16999A32360D77C00C22A50 /* Info.plist */,
				D169999D2360D77C00C22A50 /* Preview Content */,
			);
			path = TGCoreExample;
			sourceTree = "<group>";
		};
		D169999D2360D77C00C22A50 /* Preview Content */ = {
			isa = PBXGroup;
			children = (
				D169999E2360D77C00C22A50 /* Preview Assets.xcassets */,
			);
			path = "Preview Content";
			sourceTree = "<group>";
		};
		D16999AB2360D77C00C22A50 /* TGCoreExampleTests */ = {
			isa = PBXGroup;
			children = (
				D16999AC2360D77C00C22A50 /* TGCoreExampleTests.swift */,
				D16999AE2360D77C00C22A50 /* Info.plist */,
			);
			path = TGCoreExampleTests;
			sourceTree = "<group>";
		};
/* End PBXGroup section */

/* Begin PBXNativeTarget section */
		D16999922360D77B00C22A50 /* TGCoreExample */ = {
			isa = PBXNativeTarget;
			buildConfigurationList = D16999AF2360D77C00C22A50 /* Build configuration list for PBXNativeTarget "TGCoreExample" */;
			buildPhases = (
				3E4C88A8FA820A5A6AEB9AE9 /* [CP] Check Pods Manifest.lock */,
				D169998F2360D77B00C22A50 /* Sources */,
				D16999902360D77B00C22A50 /* Frameworks */,
				D16999912360D77B00C22A50 /* Resources */,
				AD1AF5509B4A55CEA82BDB99 /* [CP] Embed Pods Frameworks */,
			);
			buildRules = (
			);
			dependencies = (
			);
			name = TGCoreExample;
			productName = TGCoreExample;
			productReference = D16999932360D77B00C22A50 /* TGCoreExample.app */;
			productType = "com.apple.product-type.application";
		};
		D16999A72360D77C00C22A50 /* TGCoreExampleTests */ = {
			isa = PBXNativeTarget;
			buildConfigurationList = D16999B22360D77C00C22A50 /* Build configuration list for PBXNativeTarget "TGCoreExampleTests" */;
			buildPhases = (
				1C69D8AC5858F389E2A4D0B7 /* [CP] Check Pods Manifest.lock */,
				D16999A42360D77C00C22A50 /* Sources */,
				D16999A52360D77C00C22A50 /* Frameworks */,
				D16999A62360D77C00C22A50 /* Resources */,
			);
			buildRules = (
			);
			dependencies = (
				D16999AA2360D77C00C22A50 /* PBXTargetDependency */,
			);
			name = TGCoreExampleTests;
			productName = TGCoreExampleTests;
			productReference = D16999A82360D77C00C22A50 /* TGCoreExampleTests.xctest */;
			productType = "com.apple.product-type.bundle.unit-test";
		};
/* End PBXNativeTarget section */

/* Begin PBXProject section */
		607FACC81AFB9204008FA782 /* Project object */ = {
			isa = PBXProject;
			attributes = {
				LastSwiftUpdateCheck = 1110;
				LastUpgradeCheck = 0830;
				ORGANIZATIONNAME = CocoaPods;
				TargetAttributes = {
					D16999922360D77B00C22A50 = {
						CreatedOnToolsVersion = 11.1;
						DevelopmentTeam = 54B96T6J84;
						ProvisioningStyle = Automatic;
					};
					D16999A72360D77C00C22A50 = {
						CreatedOnToolsVersion = 11.1;
						DevelopmentTeam = 54B96T6J84;
						ProvisioningStyle = Automatic;
						TestTargetID = D16999922360D77B00C22A50;
					};
				};
			};
			buildConfigurationList = 607FACCB1AFB9204008FA782 /* Build configuration list for PBXProject "TGCoreiOS" */;
			compatibilityVersion = "Xcode 3.2";
			developmentRegion = English;
			hasScannedForEncodings = 0;
			knownRegions = (
				English,
				en,
				Base,
			);
			mainGroup = 607FACC71AFB9204008FA782;
			productRefGroup = 607FACD11AFB9204008FA782 /* Products */;
			projectDirPath = "";
			projectRoot = "";
			targets = (
				D16999922360D77B00C22A50 /* TGCoreExample */,
				D16999A72360D77C00C22A50 /* TGCoreExampleTests */,
			);
		};
/* End PBXProject section */

/* Begin PBXResourcesBuildPhase section */
		D16999912360D77B00C22A50 /* Resources */ = {
			isa = PBXResourcesBuildPhase;
			buildActionMask = 2147483647;
			files = (
				D16999A22360D77C00C22A50 /* LaunchScreen.storyboard in Resources */,
				D169999F2360D77C00C22A50 /* Preview Assets.xcassets in Resources */,
				D169999C2360D77C00C22A50 /* Assets.xcassets in Resources */,
			);
			runOnlyForDeploymentPostprocessing = 0;
		};
		D16999A62360D77C00C22A50 /* Resources */ = {
			isa = PBXResourcesBuildPhase;
			buildActionMask = 2147483647;
			files = (
			);
			runOnlyForDeploymentPostprocessing = 0;
		};
/* End PBXResourcesBuildPhase section */

/* Begin PBXShellScriptBuildPhase section */
		1C69D8AC5858F389E2A4D0B7 /* [CP] Check Pods Manifest.lock */ = {
			isa = PBXShellScriptBuildPhase;
			buildActionMask = 2147483647;
			files = (
			);
			inputFileListPaths = (
			);
			inputPaths = (
				"${PODS_PODFILE_DIR_PATH}/Podfile.lock",
				"${PODS_ROOT}/Manifest.lock",
			);
			name = "[CP] Check Pods Manifest.lock";
			outputFileListPaths = (
			);
			outputPaths = (
				"$(DERIVED_FILE_DIR)/Pods-TGCoreExampleTests-checkManifestLockResult.txt",
			);
			runOnlyForDeploymentPostprocessing = 0;
			shellPath = /bin/sh;
			shellScript = "diff \"${PODS_PODFILE_DIR_PATH}/Podfile.lock\" \"${PODS_ROOT}/Manifest.lock\" > /dev/null\nif [ $? != 0 ] ; then\n    # print error to STDERR\n    echo \"error: The sandbox is not in sync with the Podfile.lock. Run 'pod install' or update your CocoaPods installation.\" >&2\n    exit 1\nfi\n# This output is used by Xcode 'outputs' to avoid re-running this script phase.\necho \"SUCCESS\" > \"${SCRIPT_OUTPUT_FILE_0}\"\n";
			showEnvVarsInLog = 0;
		};
		3E4C88A8FA820A5A6AEB9AE9 /* [CP] Check Pods Manifest.lock */ = {
			isa = PBXShellScriptBuildPhase;
			buildActionMask = 2147483647;
			files = (
			);
			inputFileListPaths = (
			);
			inputPaths = (
				"${PODS_PODFILE_DIR_PATH}/Podfile.lock",
				"${PODS_ROOT}/Manifest.lock",
			);
			name = "[CP] Check Pods Manifest.lock";
			outputFileListPaths = (
			);
			outputPaths = (
				"$(DERIVED_FILE_DIR)/Pods-TGCoreExample-checkManifestLockResult.txt",
			);
			runOnlyForDeploymentPostprocessing = 0;
			shellPath = /bin/sh;
			shellScript = "diff \"${PODS_PODFILE_DIR_PATH}/Podfile.lock\" \"${PODS_ROOT}/Manifest.lock\" > /dev/null\nif [ $? != 0 ] ; then\n    # print error to STDERR\n    echo \"error: The sandbox is not in sync with the Podfile.lock. Run 'pod install' or update your CocoaPods installation.\" >&2\n    exit 1\nfi\n# This output is used by Xcode 'outputs' to avoid re-running this script phase.\necho \"SUCCESS\" > \"${SCRIPT_OUTPUT_FILE_0}\"\n";
			showEnvVarsInLog = 0;
		};
		AD1AF5509B4A55CEA82BDB99 /* [CP] Embed Pods Frameworks */ = {
			isa = PBXShellScriptBuildPhase;
			buildActionMask = 2147483647;
			files = (
			);
			inputPaths = (
				"${PODS_ROOT}/Target Support Files/Pods-TGCoreExample/Pods-TGCoreExample-frameworks.sh",
				"${BUILT_PRODUCTS_DIR}/Bolts/Bolts.framework",
				"${BUILT_PRODUCTS_DIR}/Parse/Parse.framework",
				"${BUILT_PRODUCTS_DIR}/TGCoreiOS/TGCoreiOS.framework",
			);
			name = "[CP] Embed Pods Frameworks";
			outputPaths = (
				"${TARGET_BUILD_DIR}/${FRAMEWORKS_FOLDER_PATH}/Bolts.framework",
				"${TARGET_BUILD_DIR}/${FRAMEWORKS_FOLDER_PATH}/Parse.framework",
				"${TARGET_BUILD_DIR}/${FRAMEWORKS_FOLDER_PATH}/TGCoreiOS.framework",
			);
			runOnlyForDeploymentPostprocessing = 0;
			shellPath = /bin/sh;
			shellScript = "\"${PODS_ROOT}/Target Support Files/Pods-TGCoreExample/Pods-TGCoreExample-frameworks.sh\"\n";
			showEnvVarsInLog = 0;
		};
/* End PBXShellScriptBuildPhase section */

/* Begin PBXSourcesBuildPhase section */
		D169998F2360D77B00C22A50 /* Sources */ = {
			isa = PBXSourcesBuildPhase;
			buildActionMask = 2147483647;
			files = (
				D1759BF22360D850001DD86D /* SceneDelegate.swift in Sources */,
				D1759BF12360D850001DD86D /* AppDelegate.swift in Sources */,
			);
			runOnlyForDeploymentPostprocessing = 0;
		};
		D16999A42360D77C00C22A50 /* Sources */ = {
			isa = PBXSourcesBuildPhase;
			buildActionMask = 2147483647;
			files = (
				D16999AD2360D77C00C22A50 /* TGCoreExampleTests.swift in Sources */,
			);
			runOnlyForDeploymentPostprocessing = 0;
		};
/* End PBXSourcesBuildPhase section */

/* Begin PBXTargetDependency section */
		D16999AA2360D77C00C22A50 /* PBXTargetDependency */ = {
			isa = PBXTargetDependency;
			target = D16999922360D77B00C22A50 /* TGCoreExample */;
			targetProxy = D16999A92360D77C00C22A50 /* PBXContainerItemProxy */;
		};
/* End PBXTargetDependency section */

/* Begin PBXVariantGroup section */
		D16999A02360D77C00C22A50 /* LaunchScreen.storyboard */ = {
			isa = PBXVariantGroup;
			children = (
				D16999A12360D77C00C22A50 /* Base */,
			);
			name = LaunchScreen.storyboard;
			sourceTree = "<group>";
		};
/* End PBXVariantGroup section */

/* Begin XCBuildConfiguration section */
		607FACED1AFB9204008FA782 /* Debug */ = {
			isa = XCBuildConfiguration;
			buildSettings = {
				ALWAYS_SEARCH_USER_PATHS = NO;
				CLANG_CXX_LANGUAGE_STANDARD = "gnu++0x";
				CLANG_CXX_LIBRARY = "libc++";
				CLANG_ENABLE_MODULES = YES;
				CLANG_ENABLE_OBJC_ARC = YES;
				CLANG_WARN_BLOCK_CAPTURE_AUTORELEASING = YES;
				CLANG_WARN_BOOL_CONVERSION = YES;
				CLANG_WARN_COMMA = YES;
				CLANG_WARN_CONSTANT_CONVERSION = YES;
				CLANG_WARN_DIRECT_OBJC_ISA_USAGE = YES_ERROR;
				CLANG_WARN_EMPTY_BODY = YES;
				CLANG_WARN_ENUM_CONVERSION = YES;
				CLANG_WARN_INFINITE_RECURSION = YES;
				CLANG_WARN_INT_CONVERSION = YES;
				CLANG_WARN_NON_LITERAL_NULL_CONVERSION = YES;
				CLANG_WARN_OBJC_LITERAL_CONVERSION = YES;
				CLANG_WARN_OBJC_ROOT_CLASS = YES_ERROR;
				CLANG_WARN_RANGE_LOOP_ANALYSIS = YES;
				CLANG_WARN_STRICT_PROTOTYPES = YES;
				CLANG_WARN_SUSPICIOUS_MOVE = YES;
				CLANG_WARN_UNREACHABLE_CODE = YES;
				CLANG_WARN__DUPLICATE_METHOD_MATCH = YES;
				"CODE_SIGN_IDENTITY[sdk=iphoneos*]" = "iPhone Developer";
				COPY_PHASE_STRIP = NO;
				DEBUG_INFORMATION_FORMAT = "dwarf-with-dsym";
				ENABLE_STRICT_OBJC_MSGSEND = YES;
				ENABLE_TESTABILITY = YES;
				GCC_C_LANGUAGE_STANDARD = gnu99;
				GCC_DYNAMIC_NO_PIC = NO;
				GCC_NO_COMMON_BLOCKS = YES;
				GCC_OPTIMIZATION_LEVEL = 0;
				GCC_PREPROCESSOR_DEFINITIONS = (
					"DEBUG=1",
					"$(inherited)",
				);
				GCC_SYMBOLS_PRIVATE_EXTERN = NO;
				GCC_WARN_64_TO_32_BIT_CONVERSION = YES;
				GCC_WARN_ABOUT_RETURN_TYPE = YES_ERROR;
				GCC_WARN_UNDECLARED_SELECTOR = YES;
				GCC_WARN_UNINITIALIZED_AUTOS = YES_AGGRESSIVE;
				GCC_WARN_UNUSED_FUNCTION = YES;
				GCC_WARN_UNUSED_VARIABLE = YES;
				IPHONEOS_DEPLOYMENT_TARGET = 13.1;
				MTL_ENABLE_DEBUG_INFO = YES;
				ONLY_ACTIVE_ARCH = YES;
				SDKROOT = iphoneos;
				SWIFT_OPTIMIZATION_LEVEL = "-Onone";
			};
			name = Debug;
		};
		607FACEE1AFB9204008FA782 /* Release */ = {
			isa = XCBuildConfiguration;
			buildSettings = {
				ALWAYS_SEARCH_USER_PATHS = NO;
				CLANG_CXX_LANGUAGE_STANDARD = "gnu++0x";
				CLANG_CXX_LIBRARY = "libc++";
				CLANG_ENABLE_MODULES = YES;
				CLANG_ENABLE_OBJC_ARC = YES;
				CLANG_WARN_BLOCK_CAPTURE_AUTORELEASING = YES;
				CLANG_WARN_BOOL_CONVERSION = YES;
				CLANG_WARN_COMMA = YES;
				CLANG_WARN_CONSTANT_CONVERSION = YES;
				CLANG_WARN_DIRECT_OBJC_ISA_USAGE = YES_ERROR;
				CLANG_WARN_EMPTY_BODY = YES;
				CLANG_WARN_ENUM_CONVERSION = YES;
				CLANG_WARN_INFINITE_RECURSION = YES;
				CLANG_WARN_INT_CONVERSION = YES;
				CLANG_WARN_NON_LITERAL_NULL_CONVERSION = YES;
				CLANG_WARN_OBJC_LITERAL_CONVERSION = YES;
				CLANG_WARN_OBJC_ROOT_CLASS = YES_ERROR;
				CLANG_WARN_RANGE_LOOP_ANALYSIS = YES;
				CLANG_WARN_STRICT_PROTOTYPES = YES;
				CLANG_WARN_SUSPICIOUS_MOVE = YES;
				CLANG_WARN_UNREACHABLE_CODE = YES;
				CLANG_WARN__DUPLICATE_METHOD_MATCH = YES;
				"CODE_SIGN_IDENTITY[sdk=iphoneos*]" = "iPhone Developer";
				COPY_PHASE_STRIP = NO;
				DEBUG_INFORMATION_FORMAT = "dwarf-with-dsym";
				ENABLE_NS_ASSERTIONS = NO;
				ENABLE_STRICT_OBJC_MSGSEND = YES;
				GCC_C_LANGUAGE_STANDARD = gnu99;
				GCC_NO_COMMON_BLOCKS = YES;
				GCC_WARN_64_TO_32_BIT_CONVERSION = YES;
				GCC_WARN_ABOUT_RETURN_TYPE = YES_ERROR;
				GCC_WARN_UNDECLARED_SELECTOR = YES;
				GCC_WARN_UNINITIALIZED_AUTOS = YES_AGGRESSIVE;
				GCC_WARN_UNUSED_FUNCTION = YES;
				GCC_WARN_UNUSED_VARIABLE = YES;
				IPHONEOS_DEPLOYMENT_TARGET = 13.1;
				MTL_ENABLE_DEBUG_INFO = NO;
				SDKROOT = iphoneos;
				SWIFT_OPTIMIZATION_LEVEL = "-Owholemodule";
				VALIDATE_PRODUCT = YES;
			};
			name = Release;
		};
		D16999B02360D77C00C22A50 /* Debug */ = {
			isa = XCBuildConfiguration;
			baseConfigurationReference = 849F4CE4BE3FE3592B8ACD7D /* Pods-TGCoreExample.debug.xcconfig */;
			buildSettings = {
				ASSETCATALOG_COMPILER_APPICON_NAME = AppIcon;
				CLANG_ANALYZER_NONNULL = YES;
				CLANG_ANALYZER_NUMBER_OBJECT_CONVERSION = YES_AGGRESSIVE;
				CLANG_CXX_LANGUAGE_STANDARD = "gnu++14";
				CLANG_ENABLE_OBJC_WEAK = YES;
				CLANG_WARN_DEPRECATED_OBJC_IMPLEMENTATIONS = YES;
				CLANG_WARN_DOCUMENTATION_COMMENTS = YES;
				CLANG_WARN_OBJC_IMPLICIT_RETAIN_SELF = YES;
				CLANG_WARN_UNGUARDED_AVAILABILITY = YES_AGGRESSIVE;
				CODE_SIGN_STYLE = Automatic;
				DEBUG_INFORMATION_FORMAT = dwarf;
				DEVELOPMENT_ASSET_PATHS = "\"TGCoreExample/Preview Content\"";
				DEVELOPMENT_TEAM = 54B96T6J84;
				ENABLE_PREVIEWS = YES;
				GCC_C_LANGUAGE_STANDARD = gnu11;
				INFOPLIST_FILE = TGCoreExample/Info.plist;
				LD_RUNPATH_SEARCH_PATHS = "$(inherited) @executable_path/Frameworks";
				MTL_ENABLE_DEBUG_INFO = INCLUDE_SOURCE;
				MTL_FAST_MATH = YES;
				PRODUCT_BUNDLE_IDENTIFIER = ITS.TGCoreExample;
				PRODUCT_NAME = "$(TARGET_NAME)";
				SWIFT_ACTIVE_COMPILATION_CONDITIONS = DEBUG;
				SWIFT_VERSION = 5.0;
				TARGETED_DEVICE_FAMILY = "1,2";
			};
			name = Debug;
		};
		D16999B12360D77C00C22A50 /* Release */ = {
			isa = XCBuildConfiguration;
			baseConfigurationReference = 4E6B9BAB567D2A5A3B9B9270 /* Pods-TGCoreExample.release.xcconfig */;
			buildSettings = {
				ASSETCATALOG_COMPILER_APPICON_NAME = AppIcon;
				CLANG_ANALYZER_NONNULL = YES;
				CLANG_ANALYZER_NUMBER_OBJECT_CONVERSION = YES_AGGRESSIVE;
				CLANG_CXX_LANGUAGE_STANDARD = "gnu++14";
				CLANG_ENABLE_OBJC_WEAK = YES;
				CLANG_WARN_DEPRECATED_OBJC_IMPLEMENTATIONS = YES;
				CLANG_WARN_DOCUMENTATION_COMMENTS = YES;
				CLANG_WARN_OBJC_IMPLICIT_RETAIN_SELF = YES;
				CLANG_WARN_UNGUARDED_AVAILABILITY = YES_AGGRESSIVE;
				CODE_SIGN_STYLE = Automatic;
				DEVELOPMENT_ASSET_PATHS = "\"TGCoreExample/Preview Content\"";
				DEVELOPMENT_TEAM = 54B96T6J84;
				ENABLE_PREVIEWS = YES;
				GCC_C_LANGUAGE_STANDARD = gnu11;
				INFOPLIST_FILE = TGCoreExample/Info.plist;
				LD_RUNPATH_SEARCH_PATHS = "$(inherited) @executable_path/Frameworks";
				MTL_FAST_MATH = YES;
				PRODUCT_BUNDLE_IDENTIFIER = ITS.TGCoreExample;
				PRODUCT_NAME = "$(TARGET_NAME)";
				SWIFT_VERSION = 5.0;
				TARGETED_DEVICE_FAMILY = "1,2";
			};
			name = Release;
		};
		D16999B32360D77C00C22A50 /* Debug */ = {
			isa = XCBuildConfiguration;
			baseConfigurationReference = CD21FEF21D2085BB84EEB899 /* Pods-TGCoreExampleTests.debug.xcconfig */;
			buildSettings = {
				ALWAYS_EMBED_SWIFT_STANDARD_LIBRARIES = YES;
				BUNDLE_LOADER = "$(TEST_HOST)";
				CLANG_ANALYZER_NONNULL = YES;
				CLANG_ANALYZER_NUMBER_OBJECT_CONVERSION = YES_AGGRESSIVE;
				CLANG_CXX_LANGUAGE_STANDARD = "gnu++14";
				CLANG_ENABLE_OBJC_WEAK = YES;
				CLANG_WARN_DEPRECATED_OBJC_IMPLEMENTATIONS = YES;
				CLANG_WARN_DOCUMENTATION_COMMENTS = YES;
				CLANG_WARN_OBJC_IMPLICIT_RETAIN_SELF = YES;
				CLANG_WARN_UNGUARDED_AVAILABILITY = YES_AGGRESSIVE;
				CODE_SIGN_STYLE = Automatic;
				DEBUG_INFORMATION_FORMAT = dwarf;
				DEVELOPMENT_TEAM = 54B96T6J84;
				GCC_C_LANGUAGE_STANDARD = gnu11;
				INFOPLIST_FILE = TGCoreExampleTests/Info.plist;
				IPHONEOS_DEPLOYMENT_TARGET = 13.1;
				LD_RUNPATH_SEARCH_PATHS = "$(inherited) @executable_path/Frameworks @loader_path/Frameworks";
				MTL_ENABLE_DEBUG_INFO = INCLUDE_SOURCE;
				MTL_FAST_MATH = YES;
				PRODUCT_BUNDLE_IDENTIFIER = ITS.TGCoreExampleTests;
				PRODUCT_NAME = "$(TARGET_NAME)";
				SWIFT_ACTIVE_COMPILATION_CONDITIONS = DEBUG;
				SWIFT_VERSION = 5.0;
				TARGETED_DEVICE_FAMILY = "1,2";
				TEST_HOST = "$(BUILT_PRODUCTS_DIR)/TGCoreExample.app/TGCoreExample";
			};
			name = Debug;
		};
		D16999B42360D77C00C22A50 /* Release */ = {
			isa = XCBuildConfiguration;
			baseConfigurationReference = D4CD10CDE067E65F4EC1A05B /* Pods-TGCoreExampleTests.release.xcconfig */;
			buildSettings = {
				ALWAYS_EMBED_SWIFT_STANDARD_LIBRARIES = YES;
				BUNDLE_LOADER = "$(TEST_HOST)";
				CLANG_ANALYZER_NONNULL = YES;
				CLANG_ANALYZER_NUMBER_OBJECT_CONVERSION = YES_AGGRESSIVE;
				CLANG_CXX_LANGUAGE_STANDARD = "gnu++14";
				CLANG_ENABLE_OBJC_WEAK = YES;
				CLANG_WARN_DEPRECATED_OBJC_IMPLEMENTATIONS = YES;
				CLANG_WARN_DOCUMENTATION_COMMENTS = YES;
				CLANG_WARN_OBJC_IMPLICIT_RETAIN_SELF = YES;
				CLANG_WARN_UNGUARDED_AVAILABILITY = YES_AGGRESSIVE;
				CODE_SIGN_STYLE = Automatic;
				DEVELOPMENT_TEAM = 54B96T6J84;
				GCC_C_LANGUAGE_STANDARD = gnu11;
				INFOPLIST_FILE = TGCoreExampleTests/Info.plist;
				IPHONEOS_DEPLOYMENT_TARGET = 13.1;
				LD_RUNPATH_SEARCH_PATHS = "$(inherited) @executable_path/Frameworks @loader_path/Frameworks";
				MTL_FAST_MATH = YES;
				PRODUCT_BUNDLE_IDENTIFIER = ITS.TGCoreExampleTests;
				PRODUCT_NAME = "$(TARGET_NAME)";
				SWIFT_VERSION = 5.0;
				TARGETED_DEVICE_FAMILY = "1,2";
				TEST_HOST = "$(BUILT_PRODUCTS_DIR)/TGCoreExample.app/TGCoreExample";
			};
			name = Release;
		};
/* End XCBuildConfiguration section */

/* Begin XCConfigurationList section */
		607FACCB1AFB9204008FA782 /* Build configuration list for PBXProject "TGCoreiOS" */ = {
			isa = XCConfigurationList;
			buildConfigurations = (
				607FACED1AFB9204008FA782 /* Debug */,
				607FACEE1AFB9204008FA782 /* Release */,
			);
			defaultConfigurationIsVisible = 0;
			defaultConfigurationName = Release;
		};
		D16999AF2360D77C00C22A50 /* Build configuration list for PBXNativeTarget "TGCoreExample" */ = {
			isa = XCConfigurationList;
			buildConfigurations = (
				D16999B02360D77C00C22A50 /* Debug */,
				D16999B12360D77C00C22A50 /* Release */,
			);
			defaultConfigurationIsVisible = 0;
			defaultConfigurationName = Release;
		};
		D16999B22360D77C00C22A50 /* Build configuration list for PBXNativeTarget "TGCoreExampleTests" */ = {
			isa = XCConfigurationList;
			buildConfigurations = (
				D16999B32360D77C00C22A50 /* Debug */,
				D16999B42360D77C00C22A50 /* Release */,
			);
			defaultConfigurationIsVisible = 0;
			defaultConfigurationName = Release;
		};
/* End XCConfigurationList section */
	};
	rootObject = 607FACC81AFB9204008FA782 /* Project object */;
}
